
Microsoft Visual Studio Solution File, Format Version 12.00
# Visual Studio Version 17
VisualStudioVersion = 17.0.32014.148
MinimumVisualStudioVersion = 10.0.40219.1
Project("{FAE04EC0-301F-11D3-BF4B-00C04F79EFBC}") = "LAB10", "LAB10.csproj", "{4E5D6433-8BDB-47E4-8148-A21A16E9BCF6}"
EndProject
Global
	GlobalSection(SolutionConfigurationPlatforms) = preSolution
		Debug|Any CPU = Debug|Any CPU
		Release|Any CPU = Release|Any CPU
	EndGlobalSection
	GlobalSection(ProjectConfigurationPlatforms) = postSolution
		{4E5D6433-8BDB-47E4-8148-A21A16E9BCF6}.Debug|Any CPU.ActiveCfg = Debug|Any CPU
		{4E5D6433-8BDB-47E4-8148-A21A16E9BCF6}.Debug|Any CPU.Build.0 = Debug|Any CPU
		{4E5D6433-8BDB-47E4-8148-A21A16E9BCF6}.Release|Any CPU.ActiveCfg = Release|Any CPU
		{4E5D6433-8BDB-47E4-8148-A21A16E9BCF6}.Release|Any CPU.Build.0 = Release|Any CPU
	EndGlobalSection
	GlobalSection(SolutionProperties) = preSolution
		HideSolutionNode = FALSE
	EndGlobalSection
	GlobalSection(ExtensibilityGlobals) = postSolution
		SolutionGuid = {CDF8803A-305D-46D7-A6FE-20481225E51C}
	EndGlobalSection
EndGlobal
